{
  "requires": true,
  "lockfileVersion": 1,
  "dependencies": {
    "morinoko-palindrome": {
      "version": "0.1.1",
      "resolved": "https://registry.npmjs.org/morinoko-palindrome/-/morinoko-palindrome-0.1.1.tgz",
      "integrity": "sha512-h2kMM++B7Bgh4la2/ynRVZpNrp+oeNFkIhokvyCJFGYY++b/euUBNUfe0Doq1ROxGwdiYFj3nLemZaC8vxOIwQ=="
    }
  }
}
