{
  "requires": true,
  "lockfileVersion": 1,
  "dependencies": {
    "morinoko-palindrome": {
      "version": "0.1.0",
      "resolved": "https://registry.npmjs.org/morinoko-palindrome/-/morinoko-palindrome-0.1.0.tgz",
      "integrity": "sha512-PSbd/HgvQxteWBxKPPUQv4gRzCy5Dbw/+PHD1uZMOPi/TMi4ADTGyB1B0W2xrUk/W7Y5OB6a75BIJdCRc4R23A=="
    }
  }
}
